# THIS IS AN AUTOGENERATED FILE. DO NOT EDIT THIS FILE DIRECTLY.
# yarn lockfile v1


vue-twentytwenty@^0.6.2:
  version "0.6.2"
  resolved "https://registry.yarnpkg.com/vue-twentytwenty/-/vue-twentytwenty-0.6.2.tgz#f4dcb953760600fbb95ccb63a587fa7c2989967c"
  integrity sha512-JKwxw/p8e4wab0xPbHhj3np2ltNUh9YAaiJYlJCRWEpBig3BzgJwozLJnm5Y/BPUuy46R61o6tr0mNv66CZHQQ==

vuetify@^2.2.8:
  version "2.2.8"
  resolved "https://registry.yarnpkg.com/vuetify/-/vuetify-2.2.8.tgz#9e9105503d38e66c0fad27aba08de5e65ff6ba99"
  integrity sha512-qeN+X/6L1Xi3Mmog9PMDUKYjC2ZOk3trl7/vDMuP0gcH1QReKb9tqpLjAyP8niOgnvZcUQw4jSc7e4Esju8Seg==
